
Microsoft Visual Studio Solution File, Format Version 12.00
# Visual Studio Version 17
VisualStudioVersion = 17.13.35806.99
MinimumVisualStudioVersion = 10.0.40219.1
Project("{FAE04EC0-301F-11D3-BF4B-00C04F79EFBC}") = "DogusTeknoloji-BlogApp", "DogusTeknoloji-BlogApp\DogusTeknoloji-BlogApp.csproj", "{26509745-7F2E-4937-A1BD-1F2E1B45E2DC}"
EndProject
Project("{FAE04EC0-301F-11D3-BF4B-00C04F79EFBC}") = "DogusTeknoloji-BlogApp.Core", "DogusTeknoloji-BlogApp.Core\DogusTeknoloji-BlogApp.Core.csproj", "{6D2BD2AE-CE8B-45CE-939F-C989D1D78B68}"
EndProject
Project("{FAE04EC0-301F-11D3-BF4B-00C04F79EFBC}") = "DogusTeknoloji-BlogApp.Infrastructure", "DogusTeknoloji-BlogApp.Infrastructure\DogusTeknoloji-BlogApp.Infrastructure.csproj", "{2D82466E-A1E7-4ADF-B206-871A964E28FB}"
EndProject
Project("{FAE04EC0-301F-11D3-BF4B-00C04F79EFBC}") = "DogusTeknoloji-BlogApp.Services", "DogusTeknoloji-BlogApp.Services\DogusTeknoloji-BlogApp.Services.csproj", "{635A7D09-D330-4B0C-B39B-5A1231995039}"
EndProject
Project("{2150E333-8FDC-42A3-9474-1A3956D46DE8}") = "Solution Items", "Solution Items", "{8EC462FD-D22E-90A8-E5CE-7E832BA40C5D}"
	ProjectSection(SolutionItems) = preProject
		.dockerignore = .dockerignore
		docker-compose.yml = docker-compose.yml
		Dockerfile = Dockerfile
	EndProjectSection
EndProject
Global
	GlobalSection(SolutionConfigurationPlatforms) = preSolution
		Debug|Any CPU = Debug|Any CPU
		Release|Any CPU = Release|Any CPU
	EndGlobalSection
	GlobalSection(ProjectConfigurationPlatforms) = postSolution
		{26509745-7F2E-4937-A1BD-1F2E1B45E2DC}.Debug|Any CPU.ActiveCfg = Debug|Any CPU
		{26509745-7F2E-4937-A1BD-1F2E1B45E2DC}.Debug|Any CPU.Build.0 = Debug|Any CPU
		{26509745-7F2E-4937-A1BD-1F2E1B45E2DC}.Release|Any CPU.ActiveCfg = Release|Any CPU
		{26509745-7F2E-4937-A1BD-1F2E1B45E2DC}.Release|Any CPU.Build.0 = Release|Any CPU
		{6D2BD2AE-CE8B-45CE-939F-C989D1D78B68}.Debug|Any CPU.ActiveCfg = Debug|Any CPU
		{6D2BD2AE-CE8B-45CE-939F-C989D1D78B68}.Debug|Any CPU.Build.0 = Debug|Any CPU
		{6D2BD2AE-CE8B-45CE-939F-C989D1D78B68}.Release|Any CPU.ActiveCfg = Release|Any CPU
		{6D2BD2AE-CE8B-45CE-939F-C989D1D78B68}.Release|Any CPU.Build.0 = Release|Any CPU
		{2D82466E-A1E7-4ADF-B206-871A964E28FB}.Debug|Any CPU.ActiveCfg = Debug|Any CPU
		{2D82466E-A1E7-4ADF-B206-871A964E28FB}.Debug|Any CPU.Build.0 = Debug|Any CPU
		{2D82466E-A1E7-4ADF-B206-871A964E28FB}.Release|Any CPU.ActiveCfg = Release|Any CPU
		{2D82466E-A1E7-4ADF-B206-871A964E28FB}.Release|Any CPU.Build.0 = Release|Any CPU
		{635A7D09-D330-4B0C-B39B-5A1231995039}.Debug|Any CPU.ActiveCfg = Debug|Any CPU
		{635A7D09-D330-4B0C-B39B-5A1231995039}.Debug|Any CPU.Build.0 = Debug|Any CPU
		{635A7D09-D330-4B0C-B39B-5A1231995039}.Release|Any CPU.ActiveCfg = Release|Any CPU
		{635A7D09-D330-4B0C-B39B-5A1231995039}.Release|Any CPU.Build.0 = Release|Any CPU
	EndGlobalSection
	GlobalSection(SolutionProperties) = preSolution
		HideSolutionNode = FALSE
	EndGlobalSection
	GlobalSection(ExtensibilityGlobals) = postSolution
		SolutionGuid = {6DDCC87B-894D-44FF-BAD6-E88FE68DE570}
	EndGlobalSection
EndGlobal
